
Microsoft Visual Studio Solution File, Format Version 12.00
# Visual Studio Version 17
VisualStudioVersion = 17.0.31903.59
MinimumVisualStudioVersion = 10.0.40219.1
Project("{FAE04EC0-301F-11D3-BF4B-00C04F79EFBC}") = "BlazorWeatherApp.Api", "BlazorWeatherApp.Api\BlazorWeatherApp.Api.csproj", "{0FEACEC7-C246-44FC-A3E5-1B8DA3884056}"
EndProject
Project("{2150E333-8FDC-42A3-9474-1A3956D46DE8}") = "BlazorWeatherApp", "BlazorWeatherApp", "{779F3D41-B43D-6B4D-AF50-9F7C41D4F147}"
EndProject
Project("{FAE04EC0-301F-11D3-BF4B-00C04F79EFBC}") = "BlazorWeatherApp.Web", "BlazorWeatherApp\BlazorWeatherApp.Web\BlazorWeatherApp.Web.csproj", "{8276F698-D916-4103-8A8C-F3B59722CC54}"
EndProject
Project("{FAE04EC0-301F-11D3-BF4B-00C04F79EFBC}") = "BlazorWeatherApp.Tests", "BlazorWeatherApp.Tests\BlazorWeatherApp.Tests.csproj", "{CDBF9C76-E33A-4677-91D0-600B647B446F}"
EndProject
Global
	GlobalSection(SolutionConfigurationPlatforms) = preSolution
		Debug|Any CPU = Debug|Any CPU
		Debug|x64 = Debug|x64
		Debug|x86 = Debug|x86
		Release|Any CPU = Release|Any CPU
		Release|x64 = Release|x64
		Release|x86 = Release|x86
	EndGlobalSection
	GlobalSection(ProjectConfigurationPlatforms) = postSolution
		{0FEACEC7-C246-44FC-A3E5-1B8DA3884056}.Debug|Any CPU.ActiveCfg = Debug|Any CPU
		{0FEACEC7-C246-44FC-A3E5-1B8DA3884056}.Debug|Any CPU.Build.0 = Debug|Any CPU
		{0FEACEC7-C246-44FC-A3E5-1B8DA3884056}.Debug|x64.ActiveCfg = Debug|Any CPU
		{0FEACEC7-C246-44FC-A3E5-1B8DA3884056}.Debug|x64.Build.0 = Debug|Any CPU
		{0FEACEC7-C246-44FC-A3E5-1B8DA3884056}.Debug|x86.ActiveCfg = Debug|Any CPU
		{0FEACEC7-C246-44FC-A3E5-1B8DA3884056}.Debug|x86.Build.0 = Debug|Any CPU
		{0FEACEC7-C246-44FC-A3E5-1B8DA3884056}.Release|Any CPU.ActiveCfg = Release|Any CPU
		{0FEACEC7-C246-44FC-A3E5-1B8DA3884056}.Release|Any CPU.Build.0 = Release|Any CPU
		{0FEACEC7-C246-44FC-A3E5-1B8DA3884056}.Release|x64.ActiveCfg = Release|Any CPU
		{0FEACEC7-C246-44FC-A3E5-1B8DA3884056}.Release|x64.Build.0 = Release|Any CPU
		{0FEACEC7-C246-44FC-A3E5-1B8DA3884056}.Release|x86.ActiveCfg = Release|Any CPU
		{0FEACEC7-C246-44FC-A3E5-1B8DA3884056}.Release|x86.Build.0 = Release|Any CPU
		{8276F698-D916-4103-8A8C-F3B59722CC54}.Debug|Any CPU.ActiveCfg = Debug|Any CPU
		{8276F698-D916-4103-8A8C-F3B59722CC54}.Debug|Any CPU.Build.0 = Debug|Any CPU
		{8276F698-D916-4103-8A8C-F3B59722CC54}.Debug|x64.ActiveCfg = Debug|Any CPU
		{8276F698-D916-4103-8A8C-F3B59722CC54}.Debug|x64.Build.0 = Debug|Any CPU
		{8276F698-D916-4103-8A8C-F3B59722CC54}.Debug|x86.ActiveCfg = Debug|Any CPU
		{8276F698-D916-4103-8A8C-F3B59722CC54}.Debug|x86.Build.0 = Debug|Any CPU
		{8276F698-D916-4103-8A8C-F3B59722CC54}.Release|Any CPU.ActiveCfg = Release|Any CPU
		{8276F698-D916-4103-8A8C-F3B59722CC54}.Release|Any CPU.Build.0 = Release|Any CPU
		{8276F698-D916-4103-8A8C-F3B59722CC54}.Release|x64.ActiveCfg = Release|Any CPU
		{8276F698-D916-4103-8A8C-F3B59722CC54}.Release|x64.Build.0 = Release|Any CPU
		{8276F698-D916-4103-8A8C-F3B59722CC54}.Release|x86.ActiveCfg = Release|Any CPU
		{8276F698-D916-4103-8A8C-F3B59722CC54}.Release|x86.Build.0 = Release|Any CPU
		{CDBF9C76-E33A-4677-91D0-600B647B446F}.Debug|Any CPU.ActiveCfg = Debug|Any CPU
		{CDBF9C76-E33A-4677-91D0-600B647B446F}.Debug|Any CPU.Build.0 = Debug|Any CPU
		{CDBF9C76-E33A-4677-91D0-600B647B446F}.Debug|x64.ActiveCfg = Debug|Any CPU
		{CDBF9C76-E33A-4677-91D0-600B647B446F}.Debug|x64.Build.0 = Debug|Any CPU
		{CDBF9C76-E33A-4677-91D0-600B647B446F}.Debug|x86.ActiveCfg = Debug|Any CPU
		{CDBF9C76-E33A-4677-91D0-600B647B446F}.Debug|x86.Build.0 = Debug|Any CPU
		{CDBF9C76-E33A-4677-91D0-600B647B446F}.Release|Any CPU.ActiveCfg = Release|Any CPU
		{CDBF9C76-E33A-4677-91D0-600B647B446F}.Release|Any CPU.Build.0 = Release|Any CPU
		{CDBF9C76-E33A-4677-91D0-600B647B446F}.Release|x64.ActiveCfg = Release|Any CPU
		{CDBF9C76-E33A-4677-91D0-600B647B446F}.Release|x64.Build.0 = Release|Any CPU
		{CDBF9C76-E33A-4677-91D0-600B647B446F}.Release|x86.ActiveCfg = Release|Any CPU
		{CDBF9C76-E33A-4677-91D0-600B647B446F}.Release|x86.Build.0 = Release|Any CPU
	EndGlobalSection
	GlobalSection(SolutionProperties) = preSolution
		HideSolutionNode = FALSE
	EndGlobalSection
	GlobalSection(NestedProjects) = preSolution
		{8276F698-D916-4103-8A8C-F3B59722CC54} = {779F3D41-B43D-6B4D-AF50-9F7C41D4F147}
	EndGlobalSection
EndGlobal
